// !$*UTF8*$!
{
	archiveVersion = 1;
	classes = {
	};
	objectVersion = 56;
	objects = {

/* Begin PBXBuildFile section */
		68F14F0929664BDF006BB4DD /* AppDelegate.swift in Sources */ = {isa = PBXBuildFile; fileRef = 68F14F0829664BDF006BB4DD /* AppDelegate.swift */; };
		68F14F0B29664BDF006BB4DD /* DocumentBrowserViewController.swift in Sources */ = {isa = PBXBuildFile; fileRef = 68F14F0A29664BDF006BB4DD /* DocumentBrowserViewController.swift */; };
		68F14F0D29664BDF006BB4DD /* DocumentViewController.swift in Sources */ = {isa = PBXBuildFile; fileRef = 68F14F0C29664BDF006BB4DD /* DocumentViewController.swift */; };
		68F14F0F29664BDF006BB4DD /* Document.swift in Sources */ = {isa = PBXBuildFile; fileRef = 68F14F0E29664BDF006BB4DD /* Document.swift */; };
		68F14F1229664BDF006BB4DD /* Main.storyboard in Resources */ = {isa = PBXBuildFile; fileRef = 68F14F1029664BDF006BB4DD /* Main.storyboard */; };
		68F14F1429664BE1006BB4DD /* Assets.xcassets in Resources */ = {isa = PBXBuildFile; fileRef = 68F14F1329664BE1006BB4DD /* Assets.xcassets */; };
		68F14F1729664BE1006BB4DD /* LaunchScreen.storyboard in Resources */ = {isa = PBXBuildFile; fileRef = 68F14F1529664BE1006BB4DD /* LaunchScreen.storyboard */; };
/* End PBXBuildFile section */

/* Begin PBXFileReference section */
		6893A11D296B25D4001D5ABD /* Challenge5.playground */ = {isa = PBXFileReference; lastKnownFileType = file.playground; path = Challenge5.playground; sourceTree = "<group>"; xcLanguageSpecificationIdentifier = xcode.lang.swift; };
		6893A22A296BC07F001D5ABD /* Challenge6.playground */ = {isa = PBXFileReference; lastKnownFileType = file.playground; path = Challenge6.playground; sourceTree = "<group>"; xcLanguageSpecificationIdentifier = xcode.lang.swift; };
		6893A2A7296CC0D3001D5ABD /* Challenge7.playground */ = {isa = PBXFileReference; lastKnownFileType = file.playground; path = Challenge7.playground; sourceTree = "<group>"; xcLanguageSpecificationIdentifier = xcode.lang.swift; };
		6893A2BA296D9C3F001D5ABD /* Challenge8.playground */ = {isa = PBXFileReference; lastKnownFileType = file.playground; path = Challenge8.playground; sourceTree = "<group>"; xcLanguageSpecificationIdentifier = xcode.lang.swift; };
		6893A2BB296F0087001D5ABD /* Challenge9.playground */ = {isa = PBXFileReference; lastKnownFileType = file.playground; path = Challenge9.playground; sourceTree = "<group>"; xcLanguageSpecificationIdentifier = xcode.lang.swift; };
		68F14F0529664BDF006BB4DD /* CodingChallenges.app */ = {isa = PBXFileReference; explicitFileType = wrapper.application; includeInIndex = 0; path = CodingChallenges.app; sourceTree = BUILT_PRODUCTS_DIR; };
		68F14F0829664BDF006BB4DD /* AppDelegate.swift */ = {isa = PBXFileReference; lastKnownFileType = sourcecode.swift; path = AppDelegate.swift; sourceTree = "<group>"; };
		68F14F0A29664BDF006BB4DD /* DocumentBrowserViewController.swift */ = {isa = PBXFileReference; lastKnownFileType = sourcecode.swift; path = DocumentBrowserViewController.swift; sourceTree = "<group>"; };
		68F14F0C29664BDF006BB4DD /* DocumentViewController.swift */ = {isa = PBXFileReference; lastKnownFileType = sourcecode.swift; path = DocumentViewController.swift; sourceTree = "<group>"; };
		68F14F0E29664BDF006BB4DD /* Document.swift */ = {isa = PBXFileReference; lastKnownFileType = sourcecode.swift; path = Document.swift; sourceTree = "<group>"; };
		68F14F1129664BDF006BB4DD /* Base */ = {isa = PBXFileReference; lastKnownFileType = file.storyboard; name = Base; path = Base.lproj/Main.storyboard; sourceTree = "<group>"; };
		68F14F1329664BE1006BB4DD /* Assets.xcassets */ = {isa = PBXFileReference; lastKnownFileType = folder.assetcatalog; path = Assets.xcassets; sourceTree = "<group>"; };
		68F14F1629664BE1006BB4DD /* Base */ = {isa = PBXFileReference; lastKnownFileType = file.storyboard; name = Base; path = Base.lproj/LaunchScreen.storyboard; sourceTree = "<group>"; };
		68F14F1829664BE1006BB4DD /* Info.plist */ = {isa = PBXFileReference; lastKnownFileType = text.plist.xml; path = Info.plist; sourceTree = "<group>"; };
		68F14F2029664C30006BB4DD /* Challenge1.playground */ = {isa = PBXFileReference; lastKnownFileType = file.playground; path = Challenge1.playground; sourceTree = "<group>"; xcLanguageSpecificationIdentifier = xcode.lang.swift; };
		68F14FB529677D62006BB4DD /* Challenge2.playground */ = {isa = PBXFileReference; lastKnownFileType = file.playground; path = Challenge2.playground; sourceTree = "<group>"; xcLanguageSpecificationIdentifier = xcode.lang.swift; };
		68F14FDE296921DD006BB4DD /* Challenge3.playground */ = {isa = PBXFileReference; lastKnownFileType = file.playground; path = Challenge3.playground; sourceTree = "<group>"; xcLanguageSpecificationIdentifier = xcode.lang.swift; };
		68F15001296A059F006BB4DD /* Challenge4.playground */ = {isa = PBXFileReference; lastKnownFileType = file.playground; path = Challenge4.playground; sourceTree = "<group>"; xcLanguageSpecificationIdentifier = xcode.lang.swift; };
/* End PBXFileReference section */

/* Begin PBXFrameworksBuildPhase section */
		68F14F0229664BDF006BB4DD /* Frameworks */ = {
			isa = PBXFrameworksBuildPhase;
			buildActionMask = 2147483647;
			files = (
			);
			runOnlyForDeploymentPostprocessing = 0;
		};
/* End PBXFrameworksBuildPhase section */

/* Begin PBXGroup section */
		68F14EFC29664BDF006BB4DD = {
			isa = PBXGroup;
			children = (
				68F14F0729664BDF006BB4DD /* CodingChallenges */,
				68F14F1F29664C03006BB4DD /* Strings */,
				68F14F0629664BDF006BB4DD /* Products */,
			);
			sourceTree = "<group>";
		};
		68F14F0629664BDF006BB4DD /* Products */ = {
			isa = PBXGroup;
			children = (
				68F14F0529664BDF006BB4DD /* CodingChallenges.app */,
			);
			name = Products;
			sourceTree = "<group>";
		};
		68F14F0729664BDF006BB4DD /* CodingChallenges */ = {
			isa = PBXGroup;
			children = (
				68F14F0829664BDF006BB4DD /* AppDelegate.swift */,
				68F14F0A29664BDF006BB4DD /* DocumentBrowserViewController.swift */,
				68F14F0C29664BDF006BB4DD /* DocumentViewController.swift */,
				68F14F0E29664BDF006BB4DD /* Document.swift */,
				68F14F1029664BDF006BB4DD /* Main.storyboard */,
				68F14F1329664BE1006BB4DD /* Assets.xcassets */,
				68F14F1529664BE1006BB4DD /* LaunchScreen.storyboard */,
				68F14F1829664BE1006BB4DD /* Info.plist */,
			);
			path = CodingChallenges;
			sourceTree = "<group>";
		};
		68F14F1F29664C03006BB4DD /* Strings */ = {
			isa = PBXGroup;
			children = (
				68F14F2029664C30006BB4DD /* Challenge1.playground */,
				68F14FB529677D62006BB4DD /* Challenge2.playground */,
				68F14FDE296921DD006BB4DD /* Challenge3.playground */,
				68F15001296A059F006BB4DD /* Challenge4.playground */,
				6893A11D296B25D4001D5ABD /* Challenge5.playground */,
				6893A22A296BC07F001D5ABD /* Challenge6.playground */,
				6893A2A7296CC0D3001D5ABD /* Challenge7.playground */,
				6893A2BA296D9C3F001D5ABD /* Challenge8.playground */,
				6893A2BB296F0087001D5ABD /* Challenge9.playground */,
			);
			path = Strings;
			sourceTree = "<group>";
		};
/* End PBXGroup section */

/* Begin PBXNativeTarget section */
		68F14F0429664BDF006BB4DD /* CodingChallenges */ = {
			isa = PBXNativeTarget;
			buildConfigurationList = 68F14F1B29664BE1006BB4DD /* Build configuration list for PBXNativeTarget "CodingChallenges" */;
			buildPhases = (
				68F14F0129664BDF006BB4DD /* Sources */,
				68F14F0229664BDF006BB4DD /* Frameworks */,
				68F14F0329664BDF006BB4DD /* Resources */,
			);
			buildRules = (
			);
			dependencies = (
			);
			name = CodingChallenges;
			productName = CodingChallenges;
			productReference = 68F14F0529664BDF006BB4DD /* CodingChallenges.app */;
			productType = "com.apple.product-type.application";
		};
/* End PBXNativeTarget section */

/* Begin PBXProject section */
		68F14EFD29664BDF006BB4DD /* Project object */ = {
			isa = PBXProject;
			attributes = {
				BuildIndependentTargetsInParallel = 1;
				LastSwiftUpdateCheck = 1410;
				LastUpgradeCheck = 1410;
				TargetAttributes = {
					68F14F0429664BDF006BB4DD = {
						CreatedOnToolsVersion = 14.1;
					};
				};
			};
			buildConfigurationList = 68F14F0029664BDF006BB4DD /* Build configuration list for PBXProject "CodingChallenges" */;
			compatibilityVersion = "Xcode 14.0";
			developmentRegion = en;
			hasScannedForEncodings = 0;
			knownRegions = (
				en,
				Base,
			);
			mainGroup = 68F14EFC29664BDF006BB4DD;
			productRefGroup = 68F14F0629664BDF006BB4DD /* Products */;
			projectDirPath = "";
			projectRoot = "";
			targets = (
				68F14F0429664BDF006BB4DD /* CodingChallenges */,
			);
		};
/* End PBXProject section */

/* Begin PBXResourcesBuildPhase section */
		68F14F0329664BDF006BB4DD /* Resources */ = {
			isa = PBXResourcesBuildPhase;
			buildActionMask = 2147483647;
			files = (
				68F14F1729664BE1006BB4DD /* LaunchScreen.storyboard in Resources */,
				68F14F1429664BE1006BB4DD /* Assets.xcassets in Resources */,
				68F14F1229664BDF006BB4DD /* Main.storyboard in Resources */,
			);
			runOnlyForDeploymentPostprocessing = 0;
		};
/* End PBXResourcesBuildPhase section */

/* Begin PBXSourcesBuildPhase section */
		68F14F0129664BDF006BB4DD /* Sources */ = {
			isa = PBXSourcesBuildPhase;
			buildActionMask = 2147483647;
			files = (
				68F14F0F29664BDF006BB4DD /* Document.swift in Sources */,
				68F14F0D29664BDF006BB4DD /* DocumentViewController.swift in Sources */,
				68F14F0B29664BDF006BB4DD /* DocumentBrowserViewController.swift in Sources */,
				68F14F0929664BDF006BB4DD /* AppDelegate.swift in Sources */,
			);
			runOnlyForDeploymentPostprocessing = 0;
		};
/* End PBXSourcesBuildPhase section */

/* Begin PBXVariantGroup section */
		68F14F1029664BDF006BB4DD /* Main.storyboard */ = {
			isa = PBXVariantGroup;
			children = (
				68F14F1129664BDF006BB4DD /* Base */,
			);
			name = Main.storyboard;
			sourceTree = "<group>";
		};
		68F14F1529664BE1006BB4DD /* LaunchScreen.storyboard */ = {
			isa = PBXVariantGroup;
			children = (
				68F14F1629664BE1006BB4DD /* Base */,
			);
			name = LaunchScreen.storyboard;
			sourceTree = "<group>";
		};
/* End PBXVariantGroup section */

/* Begin XCBuildConfiguration section */
		68F14F1929664BE1006BB4DD /* Debug */ = {
			isa = XCBuildConfiguration;
			buildSettings = {
				ALWAYS_SEARCH_USER_PATHS = NO;
				CLANG_ANALYZER_NONNULL = YES;
				CLANG_ANALYZER_NUMBER_OBJECT_CONVERSION = YES_AGGRESSIVE;
				CLANG_CXX_LANGUAGE_STANDARD = "gnu++20";
				CLANG_ENABLE_MODULES = YES;
				CLANG_ENABLE_OBJC_ARC = YES;
				CLANG_ENABLE_OBJC_WEAK = YES;
				CLANG_WARN_BLOCK_CAPTURE_AUTORELEASING = YES;
				CLANG_WARN_BOOL_CONVERSION = YES;
				CLANG_WARN_COMMA = YES;
				CLANG_WARN_CONSTANT_CONVERSION = YES;
				CLANG_WARN_DEPRECATED_OBJC_IMPLEMENTATIONS = YES;
				CLANG_WARN_DIRECT_OBJC_ISA_USAGE = YES_ERROR;
				CLANG_WARN_DOCUMENTATION_COMMENTS = YES;
				CLANG_WARN_EMPTY_BODY = YES;
				CLANG_WARN_ENUM_CONVERSION = YES;
				CLANG_WARN_INFINITE_RECURSION = YES;
				CLANG_WARN_INT_CONVERSION = YES;
				CLANG_WARN_NON_LITERAL_NULL_CONVERSION = YES;
				CLANG_WARN_OBJC_IMPLICIT_RETAIN_SELF = YES;
				CLANG_WARN_OBJC_LITERAL_CONVERSION = YES;
				CLANG_WARN_OBJC_ROOT_CLASS = YES_ERROR;
				CLANG_WARN_QUOTED_INCLUDE_IN_FRAMEWORK_HEADER = YES;
				CLANG_WARN_RANGE_LOOP_ANALYSIS = YES;
				CLANG_WARN_STRICT_PROTOTYPES = YES;
				CLANG_WARN_SUSPICIOUS_MOVE = YES;
				CLANG_WARN_UNGUARDED_AVAILABILITY = YES_AGGRESSIVE;
				CLANG_WARN_UNREACHABLE_CODE = YES;
				CLANG_WARN__DUPLICATE_METHOD_MATCH = YES;
				COPY_PHASE_STRIP = NO;
				DEBUG_INFORMATION_FORMAT = dwarf;
				ENABLE_STRICT_OBJC_MSGSEND = YES;
				ENABLE_TESTABILITY = YES;
				GCC_C_LANGUAGE_STANDARD = gnu11;
				GCC_DYNAMIC_NO_PIC = NO;
				GCC_NO_COMMON_BLOCKS = YES;
				GCC_OPTIMIZATION_LEVEL = 0;
				GCC_PREPROCESSOR_DEFINITIONS = (
					"DEBUG=1",
					"$(inherited)",
				);
				GCC_WARN_64_TO_32_BIT_CONVERSION = YES;
				GCC_WARN_ABOUT_RETURN_TYPE = YES_ERROR;
				GCC_WARN_UNDECLARED_SELECTOR = YES;
				GCC_WARN_UNINITIALIZED_AUTOS = YES_AGGRESSIVE;
				GCC_WARN_UNUSED_FUNCTION = YES;
				GCC_WARN_UNUSED_VARIABLE = YES;
				IPHONEOS_DEPLOYMENT_TARGET = 16.1;
				MTL_ENABLE_DEBUG_INFO = INCLUDE_SOURCE;
				MTL_FAST_MATH = YES;
				ONLY_ACTIVE_ARCH = YES;
				SDKROOT = iphoneos;
				SWIFT_ACTIVE_COMPILATION_CONDITIONS = DEBUG;
				SWIFT_OPTIMIZATION_LEVEL = "-Onone";
			};
			name = Debug;
		};
		68F14F1A29664BE1006BB4DD /* Release */ = {
			isa = XCBuildConfiguration;
			buildSettings = {
				ALWAYS_SEARCH_USER_PATHS = NO;
				CLANG_ANALYZER_NONNULL = YES;
				CLANG_ANALYZER_NUMBER_OBJECT_CONVERSION = YES_AGGRESSIVE;
				CLANG_CXX_LANGUAGE_STANDARD = "gnu++20";
				CLANG_ENABLE_MODULES = YES;
				CLANG_ENABLE_OBJC_ARC = YES;
				CLANG_ENABLE_OBJC_WEAK = YES;
				CLANG_WARN_BLOCK_CAPTURE_AUTORELEASING = YES;
				CLANG_WARN_BOOL_CONVERSION = YES;
				CLANG_WARN_COMMA = YES;
				CLANG_WARN_CONSTANT_CONVERSION = YES;
				CLANG_WARN_DEPRECATED_OBJC_IMPLEMENTATIONS = YES;
				CLANG_WARN_DIRECT_OBJC_ISA_USAGE = YES_ERROR;
				CLANG_WARN_DOCUMENTATION_COMMENTS = YES;
				CLANG_WARN_EMPTY_BODY = YES;
				CLANG_WARN_ENUM_CONVERSION = YES;
				CLANG_WARN_INFINITE_RECURSION = YES;
				CLANG_WARN_INT_CONVERSION = YES;
				CLANG_WARN_NON_LITERAL_NULL_CONVERSION = YES;
				CLANG_WARN_OBJC_IMPLICIT_RETAIN_SELF = YES;
				CLANG_WARN_OBJC_LITERAL_CONVERSION = YES;
				CLANG_WARN_OBJC_ROOT_CLASS = YES_ERROR;
				CLANG_WARN_QUOTED_INCLUDE_IN_FRAMEWORK_HEADER = YES;
				CLANG_WARN_RANGE_LOOP_ANALYSIS = YES;
				CLANG_WARN_STRICT_PROTOTYPES = YES;
				CLANG_WARN_SUSPICIOUS_MOVE = YES;
				CLANG_WARN_UNGUARDED_AVAILABILITY = YES_AGGRESSIVE;
				CLANG_WARN_UNREACHABLE_CODE = YES;
				CLANG_WARN__DUPLICATE_METHOD_MATCH = YES;
				COPY_PHASE_STRIP = NO;
				DEBUG_INFORMATION_FORMAT = "dwarf-with-dsym";
				ENABLE_NS_ASSERTIONS = NO;
				ENABLE_STRICT_OBJC_MSGSEND = YES;
				GCC_C_LANGUAGE_STANDARD = gnu11;
				GCC_NO_COMMON_BLOCKS = YES;
				GCC_WARN_64_TO_32_BIT_CONVERSION = YES;
				GCC_WARN_ABOUT_RETURN_TYPE = YES_ERROR;
				GCC_WARN_UNDECLARED_SELECTOR = YES;
				GCC_WARN_UNINITIALIZED_AUTOS = YES_AGGRESSIVE;
				GCC_WARN_UNUSED_FUNCTION = YES;
				GCC_WARN_UNUSED_VARIABLE = YES;
				IPHONEOS_DEPLOYMENT_TARGET = 16.1;
				MTL_ENABLE_DEBUG_INFO = NO;
				MTL_FAST_MATH = YES;
				SDKROOT = iphoneos;
				SWIFT_COMPILATION_MODE = wholemodule;
				SWIFT_OPTIMIZATION_LEVEL = "-O";
				VALIDATE_PRODUCT = YES;
			};
			name = Release;
		};
		68F14F1C29664BE1006BB4DD /* Debug */ = {
			isa = XCBuildConfiguration;
			buildSettings = {
				ASSETCATALOG_COMPILER_APPICON_NAME = AppIcon;
				ASSETCATALOG_COMPILER_GLOBAL_ACCENT_COLOR_NAME = AccentColor;
				CODE_SIGN_STYLE = Automatic;
				CURRENT_PROJECT_VERSION = 1;
				DEVELOPMENT_TEAM = J8R9984PRV;
				GENERATE_INFOPLIST_FILE = YES;
				INFOPLIST_FILE = CodingChallenges/Info.plist;
				INFOPLIST_KEY_UIApplicationSupportsIndirectInputEvents = YES;
				INFOPLIST_KEY_UILaunchStoryboardName = LaunchScreen;
				INFOPLIST_KEY_UIMainStoryboardFile = Main;
				INFOPLIST_KEY_UISupportedInterfaceOrientations_iPad = "UIInterfaceOrientationPortrait UIInterfaceOrientationPortraitUpsideDown UIInterfaceOrientationLandscapeLeft UIInterfaceOrientationLandscapeRight";
				INFOPLIST_KEY_UISupportedInterfaceOrientations_iPhone = "UIInterfaceOrientationPortrait UIInterfaceOrientationLandscapeLeft UIInterfaceOrientationLandscapeRight";
				INFOPLIST_KEY_UISupportsDocumentBrowser = YES;
				LD_RUNPATH_SEARCH_PATHS = (
					"$(inherited)",
					"@executable_path/Frameworks",
				);
				MARKETING_VERSION = 1.0;
				PRODUCT_BUNDLE_IDENTIFIER = pe.fernandosalas.CodingChallenges;
				PRODUCT_NAME = "$(TARGET_NAME)";
				SWIFT_EMIT_LOC_STRINGS = YES;
				SWIFT_VERSION = 5.0;
				TARGETED_DEVICE_FAMILY = "1,2";
			};
			name = Debug;
		};
		68F14F1D29664BE1006BB4DD /* Release */ = {
			isa = XCBuildConfiguration;
			buildSettings = {
				ASSETCATALOG_COMPILER_APPICON_NAME = AppIcon;
				ASSETCATALOG_COMPILER_GLOBAL_ACCENT_COLOR_NAME = AccentColor;
				CODE_SIGN_STYLE = Automatic;
				CURRENT_PROJECT_VERSION = 1;
				DEVELOPMENT_TEAM = J8R9984PRV;
				GENERATE_INFOPLIST_FILE = YES;
				INFOPLIST_FILE = CodingChallenges/Info.plist;
				INFOPLIST_KEY_UIApplicationSupportsIndirectInputEvents = YES;
				INFOPLIST_KEY_UILaunchStoryboardName = LaunchScreen;
				INFOPLIST_KEY_UIMainStoryboardFile = Main;
				INFOPLIST_KEY_UISupportedInterfaceOrientations_iPad = "UIInterfaceOrientationPortrait UIInterfaceOrientationPortraitUpsideDown UIInterfaceOrientationLandscapeLeft UIInterfaceOrientationLandscapeRight";
				INFOPLIST_KEY_UISupportedInterfaceOrientations_iPhone = "UIInterfaceOrientationPortrait UIInterfaceOrientationLandscapeLeft UIInterfaceOrientationLandscapeRight";
				INFOPLIST_KEY_UISupportsDocumentBrowser = YES;
				LD_RUNPATH_SEARCH_PATHS = (
					"$(inherited)",
					"@executable_path/Frameworks",
				);
				MARKETING_VERSION = 1.0;
				PRODUCT_BUNDLE_IDENTIFIER = pe.fernandosalas.CodingChallenges;
				PRODUCT_NAME = "$(TARGET_NAME)";
				SWIFT_EMIT_LOC_STRINGS = YES;
				SWIFT_VERSION = 5.0;
				TARGETED_DEVICE_FAMILY = "1,2";
			};
			name = Release;
		};
/* End XCBuildConfiguration section */

/* Begin XCConfigurationList section */
		68F14F0029664BDF006BB4DD /* Build configuration list for PBXProject "CodingChallenges" */ = {
			isa = XCConfigurationList;
			buildConfigurations = (
				68F14F1929664BE1006BB4DD /* Debug */,
				68F14F1A29664BE1006BB4DD /* Release */,
			);
			defaultConfigurationIsVisible = 0;
			defaultConfigurationName = Release;
		};
		68F14F1B29664BE1006BB4DD /* Build configuration list for PBXNativeTarget "CodingChallenges" */ = {
			isa = XCConfigurationList;
			buildConfigurations = (
				68F14F1C29664BE1006BB4DD /* Debug */,
				68F14F1D29664BE1006BB4DD /* Release */,
			);
			defaultConfigurationIsVisible = 0;
			defaultConfigurationName = Release;
		};
/* End XCConfigurationList section */
	};
	rootObject = 68F14EFD29664BDF006BB4DD /* Project object */;
}
